
Microsoft Visual Studio Solution File, Format Version 12.00
Project("{FAE04EC0-301F-11D3-BF4B-00C04F79EFBC}") = "LoyaltyApp", "LoyaltyApp\LoyaltyApp.csproj", "{C1A89905-1579-4A02-85C4-A226BBB8189C}"
EndProject
Project("{2150E333-8FDC-42A3-9474-1A3956D46DE8}") = "Solution Items", "Solution Items", "{05160E0B-91C7-49BF-BF0D-99014B99AF00}"
EndProject
Global
	GlobalSection(SolutionConfigurationPlatforms) = preSolution
		Debug|Any CPU = Debug|Any CPU
		Release|Any CPU = Release|Any CPU
	EndGlobalSection
	GlobalSection(ProjectConfigurationPlatforms) = postSolution
		{C1A89905-1579-4A02-85C4-A226BBB8189C}.Debug|Any CPU.ActiveCfg = Debug|Any CPU
		{C1A89905-1579-4A02-85C4-A226BBB8189C}.Debug|Any CPU.Build.0 = Debug|Any CPU
		{C1A89905-1579-4A02-85C4-A226BBB8189C}.Release|Any CPU.ActiveCfg = Release|Any CPU
		{C1A89905-1579-4A02-85C4-A226BBB8189C}.Release|Any CPU.Build.0 = Release|Any CPU
	EndGlobalSection
EndGlobal
